
Microsoft Visual Studio Solution File, Format Version 12.00
# Visual Studio Version 16
VisualStudioVersion = 16.0.36631.11
MinimumVisualStudioVersion = 10.0.40219.1
Project("{FAE04EC0-301F-11D3-BF4B-00C04F79EFBC}") = "labawinforms2", "labawinforms2\labawinforms2.csproj", "{8DB0E11E-D0CE-4DC1-8D18-F414858F9680}"
EndProject
Global
	GlobalSection(SolutionConfigurationPlatforms) = preSolution
		Debug|Any CPU = Debug|Any CPU
		Release|Any CPU = Release|Any CPU
	EndGlobalSection
	GlobalSection(ProjectConfigurationPlatforms) = postSolution
		{8DB0E11E-D0CE-4DC1-8D18-F414858F9680}.Debug|Any CPU.ActiveCfg = Debug|Any CPU
		{8DB0E11E-D0CE-4DC1-8D18-F414858F9680}.Debug|Any CPU.Build.0 = Debug|Any CPU
		{8DB0E11E-D0CE-4DC1-8D18-F414858F9680}.Release|Any CPU.ActiveCfg = Release|Any CPU
		{8DB0E11E-D0CE-4DC1-8D18-F414858F9680}.Release|Any CPU.Build.0 = Release|Any CPU
	EndGlobalSection
	GlobalSection(SolutionProperties) = preSolution
		HideSolutionNode = FALSE
	EndGlobalSection
	GlobalSection(ExtensibilityGlobals) = postSolution
		SolutionGuid = {6FC19433-7EF3-4BBD-998A-EFAA333D2EED}
	EndGlobalSection
EndGlobal
